// !$*UTF8*$!
{
	archiveVersion = 1;
	classes = {
	};
	objectVersion = 48;
	objects = {

/* Begin PBXBuildFile section */
		B96FE2971F7738A6006BE6FE /* Vocalise.m4a in Resources */ = {isa = PBXBuildFile; fileRef = B96FE2961F7738A6006BE6FE /* Vocalise.m4a */; };
		B983DAEB1F75FEC60046A314 /* AppDelegate.swift in Sources */ = {isa = PBXBuildFile; fileRef = B983DAEA1F75FEC60046A314 /* AppDelegate.swift */; };
		B983DAED1F75FEC60046A314 /* ViewController.swift in Sources */ = {isa = PBXBuildFile; fileRef = B983DAEC1F75FEC60046A314 /* ViewController.swift */; };
		B983DAF01F75FEC60046A314 /* Main.storyboard in Resources */ = {isa = PBXBuildFile; fileRef = B983DAEE1F75FEC60046A314 /* Main.storyboard */; };
		B983DAF21F75FEC60046A314 /* Assets.xcassets in Resources */ = {isa = PBXBuildFile; fileRef = B983DAF11F75FEC60046A314 /* Assets.xcassets */; };
		B983DAF51F75FEC60046A314 /* LaunchScreen.storyboard in Resources */ = {isa = PBXBuildFile; fileRef = B983DAF31F75FEC60046A314 /* LaunchScreen.storyboard */; };
		B983DB001F75FEC60046A314 /* HiDefTests.swift in Sources */ = {isa = PBXBuildFile; fileRef = B983DAFF1F75FEC60046A314 /* HiDefTests.swift */; };
		B983DB0B1F75FEC60046A314 /* HiDefUITests.swift in Sources */ = {isa = PBXBuildFile; fileRef = B983DB0A1F75FEC60046A314 /* HiDefUITests.swift */; };
		B983DB191F75FEFD0046A314 /* PDAudioPlayer.swift in Sources */ = {isa = PBXBuildFile; fileRef = B983DB181F75FEFD0046A314 /* PDAudioPlayer.swift */; };
		B983DB1B1F770CCB0046A314 /* PDFileAudioSource.swift in Sources */ = {isa = PBXBuildFile; fileRef = B983DB1A1F770CCB0046A314 /* PDFileAudioSource.swift */; };
		B983DB1D1F77220F0046A314 /* PDAudioSource.swift in Sources */ = {isa = PBXBuildFile; fileRef = B983DB1C1F77220F0046A314 /* PDAudioSource.swift */; };
		B983DB1F1F7733000046A314 /* PDAudioBuffer.swift in Sources */ = {isa = PBXBuildFile; fileRef = B983DB1E1F7733000046A314 /* PDAudioBuffer.swift */; };
		B9B5426E1F87FEB300111320 /* AnvilOfCrom.aif in Resources */ = {isa = PBXBuildFile; fileRef = B9B5426D1F87FEB300111320 /* AnvilOfCrom.aif */; };
/* End PBXBuildFile section */

/* Begin PBXContainerItemProxy section */
		B983DAFC1F75FEC60046A314 /* PBXContainerItemProxy */ = {
			isa = PBXContainerItemProxy;
			containerPortal = B983DADF1F75FEC60046A314 /* Project object */;
			proxyType = 1;
			remoteGlobalIDString = B983DAE61F75FEC60046A314;
			remoteInfo = HiDef;
		};
		B983DB071F75FEC60046A314 /* PBXContainerItemProxy */ = {
			isa = PBXContainerItemProxy;
			containerPortal = B983DADF1F75FEC60046A314 /* Project object */;
			proxyType = 1;
			remoteGlobalIDString = B983DAE61F75FEC60046A314;
			remoteInfo = HiDef;
		};
/* End PBXContainerItemProxy section */

/* Begin PBXFileReference section */
		B9537F951F7DAFC300EB284E /* README.md */ = {isa = PBXFileReference; fileEncoding = 4; lastKnownFileType = net.daringfireball.markdown; path = README.md; sourceTree = "<group>"; };
		B96FE2961F7738A6006BE6FE /* Vocalise.m4a */ = {isa = PBXFileReference; lastKnownFileType = file; path = Vocalise.m4a; sourceTree = "<group>"; };
		B983DAE71F75FEC60046A314 /* HiDef.app */ = {isa = PBXFileReference; explicitFileType = wrapper.application; includeInIndex = 0; path = HiDef.app; sourceTree = BUILT_PRODUCTS_DIR; };
		B983DAEA1F75FEC60046A314 /* AppDelegate.swift */ = {isa = PBXFileReference; lastKnownFileType = sourcecode.swift; path = AppDelegate.swift; sourceTree = "<group>"; };
		B983DAEC1F75FEC60046A314 /* ViewController.swift */ = {isa = PBXFileReference; lastKnownFileType = sourcecode.swift; path = ViewController.swift; sourceTree = "<group>"; };
		B983DAEF1F75FEC60046A314 /* Base */ = {isa = PBXFileReference; lastKnownFileType = file.storyboard; name = Base; path = Base.lproj/Main.storyboard; sourceTree = "<group>"; };
		B983DAF11F75FEC60046A314 /* Assets.xcassets */ = {isa = PBXFileReference; lastKnownFileType = folder.assetcatalog; path = Assets.xcassets; sourceTree = "<group>"; };
		B983DAF41F75FEC60046A314 /* Base */ = {isa = PBXFileReference; lastKnownFileType = file.storyboard; name = Base; path = Base.lproj/LaunchScreen.storyboard; sourceTree = "<group>"; };
		B983DAF61F75FEC60046A314 /* Info.plist */ = {isa = PBXFileReference; lastKnownFileType = text.plist.xml; path = Info.plist; sourceTree = "<group>"; };
		B983DAFB1F75FEC60046A314 /* HiDefTests.xctest */ = {isa = PBXFileReference; explicitFileType = wrapper.cfbundle; includeInIndex = 0; path = HiDefTests.xctest; sourceTree = BUILT_PRODUCTS_DIR; };
		B983DAFF1F75FEC60046A314 /* HiDefTests.swift */ = {isa = PBXFileReference; lastKnownFileType = sourcecode.swift; path = HiDefTests.swift; sourceTree = "<group>"; };
		B983DB011F75FEC60046A314 /* Info.plist */ = {isa = PBXFileReference; lastKnownFileType = text.plist.xml; path = Info.plist; sourceTree = "<group>"; };
		B983DB061F75FEC60046A314 /* HiDefUITests.xctest */ = {isa = PBXFileReference; explicitFileType = wrapper.cfbundle; includeInIndex = 0; path = HiDefUITests.xctest; sourceTree = BUILT_PRODUCTS_DIR; };
		B983DB0A1F75FEC60046A314 /* HiDefUITests.swift */ = {isa = PBXFileReference; lastKnownFileType = sourcecode.swift; path = HiDefUITests.swift; sourceTree = "<group>"; };
		B983DB0C1F75FEC60046A314 /* Info.plist */ = {isa = PBXFileReference; lastKnownFileType = text.plist.xml; path = Info.plist; sourceTree = "<group>"; };
		B983DB181F75FEFD0046A314 /* PDAudioPlayer.swift */ = {isa = PBXFileReference; lastKnownFileType = sourcecode.swift; name = PDAudioPlayer.swift; path = HiDef/PDAudioPlayer.swift; sourceTree = "<group>"; };
		B983DB1A1F770CCB0046A314 /* PDFileAudioSource.swift */ = {isa = PBXFileReference; lastKnownFileType = sourcecode.swift; name = PDFileAudioSource.swift; path = HiDef/PDFileAudioSource.swift; sourceTree = "<group>"; };
		B983DB1C1F77220F0046A314 /* PDAudioSource.swift */ = {isa = PBXFileReference; lastKnownFileType = sourcecode.swift; name = PDAudioSource.swift; path = HiDef/PDAudioSource.swift; sourceTree = "<group>"; };
		B983DB1E1F7733000046A314 /* PDAudioBuffer.swift */ = {isa = PBXFileReference; lastKnownFileType = sourcecode.swift; name = PDAudioBuffer.swift; path = HiDef/PDAudioBuffer.swift; sourceTree = "<group>"; };
		B9B5426D1F87FEB300111320 /* AnvilOfCrom.aif */ = {isa = PBXFileReference; lastKnownFileType = file; path = AnvilOfCrom.aif; sourceTree = "<group>"; };
/* End PBXFileReference section */

/* Begin PBXFrameworksBuildPhase section */
		B983DAE41F75FEC60046A314 /* Frameworks */ = {
			isa = PBXFrameworksBuildPhase;
			buildActionMask = 2147483647;
			files = (
			);
			runOnlyForDeploymentPostprocessing = 0;
		};
		B983DAF81F75FEC60046A314 /* Frameworks */ = {
			isa = PBXFrameworksBuildPhase;
			buildActionMask = 2147483647;
			files = (
			);
			runOnlyForDeploymentPostprocessing = 0;
		};
		B983DB031F75FEC60046A314 /* Frameworks */ = {
			isa = PBXFrameworksBuildPhase;
			buildActionMask = 2147483647;
			files = (
			);
			runOnlyForDeploymentPostprocessing = 0;
		};
/* End PBXFrameworksBuildPhase section */

/* Begin PBXGroup section */
		B983DADE1F75FEC60046A314 = {
			isa = PBXGroup;
			children = (
				B9537F951F7DAFC300EB284E /* README.md */,
				B96FE2961F7738A6006BE6FE /* Vocalise.m4a */,
				B983DB181F75FEFD0046A314 /* PDAudioPlayer.swift */,
				B9B5426D1F87FEB300111320 /* AnvilOfCrom.aif */,
				B983DB1E1F7733000046A314 /* PDAudioBuffer.swift */,
				B983DB1C1F77220F0046A314 /* PDAudioSource.swift */,
				B983DB1A1F770CCB0046A314 /* PDFileAudioSource.swift */,
				B983DAE91F75FEC60046A314 /* HiDef */,
				B983DAFE1F75FEC60046A314 /* HiDefTests */,
				B983DB091F75FEC60046A314 /* HiDefUITests */,
				B983DAE81F75FEC60046A314 /* Products */,
			);
			sourceTree = "<group>";
		};
		B983DAE81F75FEC60046A314 /* Products */ = {
			isa = PBXGroup;
			children = (
				B983DAE71F75FEC60046A314 /* HiDef.app */,
				B983DAFB1F75FEC60046A314 /* HiDefTests.xctest */,
				B983DB061F75FEC60046A314 /* HiDefUITests.xctest */,
			);
			name = Products;
			sourceTree = "<group>";
		};
		B983DAE91F75FEC60046A314 /* HiDef */ = {
			isa = PBXGroup;
			children = (
				B983DAEA1F75FEC60046A314 /* AppDelegate.swift */,
				B983DAEC1F75FEC60046A314 /* ViewController.swift */,
				B983DAEE1F75FEC60046A314 /* Main.storyboard */,
				B983DAF11F75FEC60046A314 /* Assets.xcassets */,
				B983DAF31F75FEC60046A314 /* LaunchScreen.storyboard */,
				B983DAF61F75FEC60046A314 /* Info.plist */,
			);
			path = HiDef;
			sourceTree = "<group>";
		};
		B983DAFE1F75FEC60046A314 /* HiDefTests */ = {
			isa = PBXGroup;
			children = (
				B983DAFF1F75FEC60046A314 /* HiDefTests.swift */,
				B983DB011F75FEC60046A314 /* Info.plist */,
			);
			path = HiDefTests;
			sourceTree = "<group>";
		};
		B983DB091F75FEC60046A314 /* HiDefUITests */ = {
			isa = PBXGroup;
			children = (
				B983DB0A1F75FEC60046A314 /* HiDefUITests.swift */,
				B983DB0C1F75FEC60046A314 /* Info.plist */,
			);
			path = HiDefUITests;
			sourceTree = "<group>";
		};
/* End PBXGroup section */

/* Begin PBXNativeTarget section */
		B983DAE61F75FEC60046A314 /* HiDef */ = {
			isa = PBXNativeTarget;
			buildConfigurationList = B983DB0F1F75FEC60046A314 /* Build configuration list for PBXNativeTarget "HiDef" */;
			buildPhases = (
				B983DAE31F75FEC60046A314 /* Sources */,
				B983DAE41F75FEC60046A314 /* Frameworks */,
				B983DAE51F75FEC60046A314 /* Resources */,
			);
			buildRules = (
			);
			dependencies = (
			);
			name = HiDef;
			productName = HiDef;
			productReference = B983DAE71F75FEC60046A314 /* HiDef.app */;
			productType = "com.apple.product-type.application";
		};
		B983DAFA1F75FEC60046A314 /* HiDefTests */ = {
			isa = PBXNativeTarget;
			buildConfigurationList = B983DB121F75FEC60046A314 /* Build configuration list for PBXNativeTarget "HiDefTests" */;
			buildPhases = (
				B983DAF71F75FEC60046A314 /* Sources */,
				B983DAF81F75FEC60046A314 /* Frameworks */,
				B983DAF91F75FEC60046A314 /* Resources */,
			);
			buildRules = (
			);
			dependencies = (
				B983DAFD1F75FEC60046A314 /* PBXTargetDependency */,
			);
			name = HiDefTests;
			productName = HiDefTests;
			productReference = B983DAFB1F75FEC60046A314 /* HiDefTests.xctest */;
			productType = "com.apple.product-type.bundle.unit-test";
		};
		B983DB051F75FEC60046A314 /* HiDefUITests */ = {
			isa = PBXNativeTarget;
			buildConfigurationList = B983DB151F75FEC60046A314 /* Build configuration list for PBXNativeTarget "HiDefUITests" */;
			buildPhases = (
				B983DB021F75FEC60046A314 /* Sources */,
				B983DB031F75FEC60046A314 /* Frameworks */,
				B983DB041F75FEC60046A314 /* Resources */,
			);
			buildRules = (
			);
			dependencies = (
				B983DB081F75FEC60046A314 /* PBXTargetDependency */,
			);
			name = HiDefUITests;
			productName = HiDefUITests;
			productReference = B983DB061F75FEC60046A314 /* HiDefUITests.xctest */;
			productType = "com.apple.product-type.bundle.ui-testing";
		};
/* End PBXNativeTarget section */

/* Begin PBXProject section */
		B983DADF1F75FEC60046A314 /* Project object */ = {
			isa = PBXProject;
			attributes = {
				LastSwiftUpdateCheck = 0900;
				LastUpgradeCheck = 0900;
				ORGANIZATIONNAME = "PepperDog Enterprises";
				TargetAttributes = {
					B983DAE61F75FEC60046A314 = {
						CreatedOnToolsVersion = 9.0;
						ProvisioningStyle = Automatic;
					};
					B983DAFA1F75FEC60046A314 = {
						CreatedOnToolsVersion = 9.0;
						ProvisioningStyle = Automatic;
						TestTargetID = B983DAE61F75FEC60046A314;
					};
					B983DB051F75FEC60046A314 = {
						CreatedOnToolsVersion = 9.0;
						ProvisioningStyle = Automatic;
						TestTargetID = B983DAE61F75FEC60046A314;
					};
				};
			};
			buildConfigurationList = B983DAE21F75FEC60046A314 /* Build configuration list for PBXProject "HiDef" */;
			compatibilityVersion = "Xcode 8.0";
			developmentRegion = en;
			hasScannedForEncodings = 0;
			knownRegions = (
				en,
				Base,
			);
			mainGroup = B983DADE1F75FEC60046A314;
			productRefGroup = B983DAE81F75FEC60046A314 /* Products */;
			projectDirPath = "";
			projectRoot = "";
			targets = (
				B983DAE61F75FEC60046A314 /* HiDef */,
				B983DAFA1F75FEC60046A314 /* HiDefTests */,
				B983DB051F75FEC60046A314 /* HiDefUITests */,
			);
		};
/* End PBXProject section */

/* Begin PBXResourcesBuildPhase section */
		B983DAE51F75FEC60046A314 /* Resources */ = {
			isa = PBXResourcesBuildPhase;
			buildActionMask = 2147483647;
			files = (
				B9B5426E1F87FEB300111320 /* AnvilOfCrom.aif in Resources */,
				B983DAF51F75FEC60046A314 /* LaunchScreen.storyboard in Resources */,
				B983DAF21F75FEC60046A314 /* Assets.xcassets in Resources */,
				B96FE2971F7738A6006BE6FE /* Vocalise.m4a in Resources */,
				B983DAF01F75FEC60046A314 /* Main.storyboard in Resources */,
			);
			runOnlyForDeploymentPostprocessing = 0;
		};
		B983DAF91F75FEC60046A314 /* Resources */ = {
			isa = PBXResourcesBuildPhase;
			buildActionMask = 2147483647;
			files = (
			);
			runOnlyForDeploymentPostprocessing = 0;
		};
		B983DB041F75FEC60046A314 /* Resources */ = {
			isa = PBXResourcesBuildPhase;
			buildActionMask = 2147483647;
			files = (
			);
			runOnlyForDeploymentPostprocessing = 0;
		};
/* End PBXResourcesBuildPhase section */

/* Begin PBXSourcesBuildPhase section */
		B983DAE31F75FEC60046A314 /* Sources */ = {
			isa = PBXSourcesBuildPhase;
			buildActionMask = 2147483647;
			files = (
				B983DB1D1F77220F0046A314 /* PDAudioSource.swift in Sources */,
				B983DB191F75FEFD0046A314 /* PDAudioPlayer.swift in Sources */,
				B983DAED1F75FEC60046A314 /* ViewController.swift in Sources */,
				B983DAEB1F75FEC60046A314 /* AppDelegate.swift in Sources */,
				B983DB1F1F7733000046A314 /* PDAudioBuffer.swift in Sources */,
				B983DB1B1F770CCB0046A314 /* PDFileAudioSource.swift in Sources */,
			);
			runOnlyForDeploymentPostprocessing = 0;
		};
		B983DAF71F75FEC60046A314 /* Sources */ = {
			isa = PBXSourcesBuildPhase;
			buildActionMask = 2147483647;
			files = (
				B983DB001F75FEC60046A314 /* HiDefTests.swift in Sources */,
			);
			runOnlyForDeploymentPostprocessing = 0;
		};
		B983DB021F75FEC60046A314 /* Sources */ = {
			isa = PBXSourcesBuildPhase;
			buildActionMask = 2147483647;
			files = (
				B983DB0B1F75FEC60046A314 /* HiDefUITests.swift in Sources */,
			);
			runOnlyForDeploymentPostprocessing = 0;
		};
/* End PBXSourcesBuildPhase section */

/* Begin PBXTargetDependency section */
		B983DAFD1F75FEC60046A314 /* PBXTargetDependency */ = {
			isa = PBXTargetDependency;
			target = B983DAE61F75FEC60046A314 /* HiDef */;
			targetProxy = B983DAFC1F75FEC60046A314 /* PBXContainerItemProxy */;
		};
		B983DB081F75FEC60046A314 /* PBXTargetDependency */ = {
			isa = PBXTargetDependency;
			target = B983DAE61F75FEC60046A314 /* HiDef */;
			targetProxy = B983DB071F75FEC60046A314 /* PBXContainerItemProxy */;
		};
/* End PBXTargetDependency section */

/* Begin PBXVariantGroup section */
		B983DAEE1F75FEC60046A314 /* Main.storyboard */ = {
			isa = PBXVariantGroup;
			children = (
				B983DAEF1F75FEC60046A314 /* Base */,
			);
			name = Main.storyboard;
			sourceTree = "<group>";
		};
		B983DAF31F75FEC60046A314 /* LaunchScreen.storyboard */ = {
			isa = PBXVariantGroup;
			children = (
				B983DAF41F75FEC60046A314 /* Base */,
			);
			name = LaunchScreen.storyboard;
			sourceTree = "<group>";
		};
/* End PBXVariantGroup section */

/* Begin XCBuildConfiguration section */
		B983DB0D1F75FEC60046A314 /* Debug */ = {
			isa = XCBuildConfiguration;
			buildSettings = {
				ALWAYS_SEARCH_USER_PATHS = NO;
				CLANG_ANALYZER_NONNULL = YES;
				CLANG_ANALYZER_NUMBER_OBJECT_CONVERSION = YES_AGGRESSIVE;
				CLANG_CXX_LANGUAGE_STANDARD = "gnu++14";
				CLANG_CXX_LIBRARY = "libc++";
				CLANG_ENABLE_MODULES = YES;
				CLANG_ENABLE_OBJC_ARC = YES;
				CLANG_WARN_BLOCK_CAPTURE_AUTORELEASING = YES;
				CLANG_WARN_BOOL_CONVERSION = YES;
				CLANG_WARN_COMMA = YES;
				CLANG_WARN_CONSTANT_CONVERSION = YES;
				CLANG_WARN_DIRECT_OBJC_ISA_USAGE = YES_ERROR;
				CLANG_WARN_DOCUMENTATION_COMMENTS = YES;
				CLANG_WARN_EMPTY_BODY = YES;
				CLANG_WARN_ENUM_CONVERSION = YES;
				CLANG_WARN_INFINITE_RECURSION = YES;
				CLANG_WARN_INT_CONVERSION = YES;
				CLANG_WARN_NON_LITERAL_NULL_CONVERSION = YES;
				CLANG_WARN_OBJC_LITERAL_CONVERSION = YES;
				CLANG_WARN_OBJC_ROOT_CLASS = YES_ERROR;
				CLANG_WARN_RANGE_LOOP_ANALYSIS = YES;
				CLANG_WARN_STRICT_PROTOTYPES = YES;
				CLANG_WARN_SUSPICIOUS_MOVE = YES;
				CLANG_WARN_UNGUARDED_AVAILABILITY = YES_AGGRESSIVE;
				CLANG_WARN_UNREACHABLE_CODE = YES;
				CLANG_WARN__DUPLICATE_METHOD_MATCH = YES;
				CODE_SIGN_IDENTITY = "iPhone Developer";
				COPY_PHASE_STRIP = NO;
				DEBUG_INFORMATION_FORMAT = dwarf;
				ENABLE_STRICT_OBJC_MSGSEND = YES;
				ENABLE_TESTABILITY = YES;
				GCC_C_LANGUAGE_STANDARD = gnu11;
				GCC_DYNAMIC_NO_PIC = NO;
				GCC_NO_COMMON_BLOCKS = YES;
				GCC_OPTIMIZATION_LEVEL = 0;
				GCC_PREPROCESSOR_DEFINITIONS = (
					"DEBUG=1",
					"$(inherited)",
				);
				GCC_WARN_64_TO_32_BIT_CONVERSION = YES;
				GCC_WARN_ABOUT_RETURN_TYPE = YES_ERROR;
				GCC_WARN_UNDECLARED_SELECTOR = YES;
				GCC_WARN_UNINITIALIZED_AUTOS = YES_AGGRESSIVE;
				GCC_WARN_UNUSED_FUNCTION = YES;
				GCC_WARN_UNUSED_VARIABLE = YES;
				IPHONEOS_DEPLOYMENT_TARGET = 10.3;
				MTL_ENABLE_DEBUG_INFO = YES;
				ONLY_ACTIVE_ARCH = YES;
				SDKROOT = iphoneos;
				SWIFT_ACTIVE_COMPILATION_CONDITIONS = DEBUG;
				SWIFT_OPTIMIZATION_LEVEL = "-Onone";
			};
			name = Debug;
		};
		B983DB0E1F75FEC60046A314 /* Release */ = {
			isa = XCBuildConfiguration;
			buildSettings = {
				ALWAYS_SEARCH_USER_PATHS = NO;
				CLANG_ANALYZER_NONNULL = YES;
				CLANG_ANALYZER_NUMBER_OBJECT_CONVERSION = YES_AGGRESSIVE;
				CLANG_CXX_LANGUAGE_STANDARD = "gnu++14";
				CLANG_CXX_LIBRARY = "libc++";
				CLANG_ENABLE_MODULES = YES;
				CLANG_ENABLE_OBJC_ARC = YES;
				CLANG_WARN_BLOCK_CAPTURE_AUTORELEASING = YES;
				CLANG_WARN_BOOL_CONVERSION = YES;
				CLANG_WARN_COMMA = YES;
				CLANG_WARN_CONSTANT_CONVERSION = YES;
				CLANG_WARN_DIRECT_OBJC_ISA_USAGE = YES_ERROR;
				CLANG_WARN_DOCUMENTATION_COMMENTS = YES;
				CLANG_WARN_EMPTY_BODY = YES;
				CLANG_WARN_ENUM_CONVERSION = YES;
				CLANG_WARN_INFINITE_RECURSION = YES;
				CLANG_WARN_INT_CONVERSION = YES;
				CLANG_WARN_NON_LITERAL_NULL_CONVERSION = YES;
				CLANG_WARN_OBJC_LITERAL_CONVERSION = YES;
				CLANG_WARN_OBJC_ROOT_CLASS = YES_ERROR;
				CLANG_WARN_RANGE_LOOP_ANALYSIS = YES;
				CLANG_WARN_STRICT_PROTOTYPES = YES;
				CLANG_WARN_SUSPICIOUS_MOVE = YES;
				CLANG_WARN_UNGUARDED_AVAILABILITY = YES_AGGRESSIVE;
				CLANG_WARN_UNREACHABLE_CODE = YES;
				CLANG_WARN__DUPLICATE_METHOD_MATCH = YES;
				CODE_SIGN_IDENTITY = "iPhone Developer";
				COPY_PHASE_STRIP = NO;
				DEBUG_INFORMATION_FORMAT = "dwarf-with-dsym";
				ENABLE_NS_ASSERTIONS = NO;
				ENABLE_STRICT_OBJC_MSGSEND = YES;
				GCC_C_LANGUAGE_STANDARD = gnu11;
				GCC_NO_COMMON_BLOCKS = YES;
				GCC_WARN_64_TO_32_BIT_CONVERSION = YES;
				GCC_WARN_ABOUT_RETURN_TYPE = YES_ERROR;
				GCC_WARN_UNDECLARED_SELECTOR = YES;
				GCC_WARN_UNINITIALIZED_AUTOS = YES_AGGRESSIVE;
				GCC_WARN_UNUSED_FUNCTION = YES;
				GCC_WARN_UNUSED_VARIABLE = YES;
				IPHONEOS_DEPLOYMENT_TARGET = 10.3;
				MTL_ENABLE_DEBUG_INFO = NO;
				SDKROOT = iphoneos;
				SWIFT_OPTIMIZATION_LEVEL = "-Owholemodule";
				VALIDATE_PRODUCT = YES;
			};
			name = Release;
		};
		B983DB101F75FEC60046A314 /* Debug */ = {
			isa = XCBuildConfiguration;
			buildSettings = {
				ASSETCATALOG_COMPILER_APPICON_NAME = AppIcon;
				CODE_SIGN_STYLE = Automatic;
				DEVELOPMENT_TEAM = S4K89S6LAE;
				INFOPLIST_FILE = HiDef/Info.plist;
				LD_RUNPATH_SEARCH_PATHS = "$(inherited) @executable_path/Frameworks";
				PRODUCT_BUNDLE_IDENTIFIER = com.pepperdog.HiDef;
				PRODUCT_NAME = "$(TARGET_NAME)";
				SWIFT_VERSION = 4.0;
				TARGETED_DEVICE_FAMILY = "1,2";
			};
			name = Debug;
		};
		B983DB111F75FEC60046A314 /* Release */ = {
			isa = XCBuildConfiguration;
			buildSettings = {
				ASSETCATALOG_COMPILER_APPICON_NAME = AppIcon;
				CODE_SIGN_STYLE = Automatic;
				DEVELOPMENT_TEAM = S4K89S6LAE;
				INFOPLIST_FILE = HiDef/Info.plist;
				LD_RUNPATH_SEARCH_PATHS = "$(inherited) @executable_path/Frameworks";
				PRODUCT_BUNDLE_IDENTIFIER = com.pepperdog.HiDef;
				PRODUCT_NAME = "$(TARGET_NAME)";
				SWIFT_VERSION = 4.0;
				TARGETED_DEVICE_FAMILY = "1,2";
			};
			name = Release;
		};
		B983DB131F75FEC60046A314 /* Debug */ = {
			isa = XCBuildConfiguration;
			buildSettings = {
				ALWAYS_EMBED_SWIFT_STANDARD_LIBRARIES = YES;
				BUNDLE_LOADER = "$(TEST_HOST)";
				CODE_SIGN_STYLE = Automatic;
				DEVELOPMENT_TEAM = S4K89S6LAE;
				INFOPLIST_FILE = HiDefTests/Info.plist;
				LD_RUNPATH_SEARCH_PATHS = "$(inherited) @executable_path/Frameworks @loader_path/Frameworks";
				PRODUCT_BUNDLE_IDENTIFIER = com.pepperdog.HiDefTests;
				PRODUCT_NAME = "$(TARGET_NAME)";
				SWIFT_VERSION = 4.0;
				TARGETED_DEVICE_FAMILY = "1,2";
				TEST_HOST = "$(BUILT_PRODUCTS_DIR)/HiDef.app/HiDef";
			};
			name = Debug;
		};
		B983DB141F75FEC60046A314 /* Release */ = {
			isa = XCBuildConfiguration;
			buildSettings = {
				ALWAYS_EMBED_SWIFT_STANDARD_LIBRARIES = YES;
				BUNDLE_LOADER = "$(TEST_HOST)";
				CODE_SIGN_STYLE = Automatic;
				DEVELOPMENT_TEAM = S4K89S6LAE;
				INFOPLIST_FILE = HiDefTests/Info.plist;
				LD_RUNPATH_SEARCH_PATHS = "$(inherited) @executable_path/Frameworks @loader_path/Frameworks";
				PRODUCT_BUNDLE_IDENTIFIER = com.pepperdog.HiDefTests;
				PRODUCT_NAME = "$(TARGET_NAME)";
				SWIFT_VERSION = 4.0;
				TARGETED_DEVICE_FAMILY = "1,2";
				TEST_HOST = "$(BUILT_PRODUCTS_DIR)/HiDef.app/HiDef";
			};
			name = Release;
		};
		B983DB161F75FEC60046A314 /* Debug */ = {
			isa = XCBuildConfiguration;
			buildSettings = {
				ALWAYS_EMBED_SWIFT_STANDARD_LIBRARIES = YES;
				CODE_SIGN_STYLE = Automatic;
				DEVELOPMENT_TEAM = S4K89S6LAE;
				INFOPLIST_FILE = HiDefUITests/Info.plist;
				LD_RUNPATH_SEARCH_PATHS = "$(inherited) @executable_path/Frameworks @loader_path/Frameworks";
				PRODUCT_BUNDLE_IDENTIFIER = com.pepperdog.HiDefUITests;
				PRODUCT_NAME = "$(TARGET_NAME)";
				SWIFT_VERSION = 4.0;
				TARGETED_DEVICE_FAMILY = "1,2";
				TEST_TARGET_NAME = HiDef;
			};
			name = Debug;
		};
		B983DB171F75FEC60046A314 /* Release */ = {
			isa = XCBuildConfiguration;
			buildSettings = {
				ALWAYS_EMBED_SWIFT_STANDARD_LIBRARIES = YES;
				CODE_SIGN_STYLE = Automatic;
				DEVELOPMENT_TEAM = S4K89S6LAE;
				INFOPLIST_FILE = HiDefUITests/Info.plist;
				LD_RUNPATH_SEARCH_PATHS = "$(inherited) @executable_path/Frameworks @loader_path/Frameworks";
				PRODUCT_BUNDLE_IDENTIFIER = com.pepperdog.HiDefUITests;
				PRODUCT_NAME = "$(TARGET_NAME)";
				SWIFT_VERSION = 4.0;
				TARGETED_DEVICE_FAMILY = "1,2";
				TEST_TARGET_NAME = HiDef;
			};
			name = Release;
		};
/* End XCBuildConfiguration section */

/* Begin XCConfigurationList section */
		B983DAE21F75FEC60046A314 /* Build configuration list for PBXProject "HiDef" */ = {
			isa = XCConfigurationList;
			buildConfigurations = (
				B983DB0D1F75FEC60046A314 /* Debug */,
				B983DB0E1F75FEC60046A314 /* Release */,
			);
			defaultConfigurationIsVisible = 0;
			defaultConfigurationName = Release;
		};
		B983DB0F1F75FEC60046A314 /* Build configuration list for PBXNativeTarget "HiDef" */ = {
			isa = XCConfigurationList;
			buildConfigurations = (
				B983DB101F75FEC60046A314 /* Debug */,
				B983DB111F75FEC60046A314 /* Release */,
			);
			defaultConfigurationIsVisible = 0;
			defaultConfigurationName = Release;
		};
		B983DB121F75FEC60046A314 /* Build configuration list for PBXNativeTarget "HiDefTests" */ = {
			isa = XCConfigurationList;
			buildConfigurations = (
				B983DB131F75FEC60046A314 /* Debug */,
				B983DB141F75FEC60046A314 /* Release */,
			);
			defaultConfigurationIsVisible = 0;
			defaultConfigurationName = Release;
		};
		B983DB151F75FEC60046A314 /* Build configuration list for PBXNativeTarget "HiDefUITests" */ = {
			isa = XCConfigurationList;
			buildConfigurations = (
				B983DB161F75FEC60046A314 /* Debug */,
				B983DB171F75FEC60046A314 /* Release */,
			);
			defaultConfigurationIsVisible = 0;
			defaultConfigurationName = Release;
		};
/* End XCConfigurationList section */
	};
	rootObject = B983DADF1F75FEC60046A314 /* Project object */;
}
